{
  "name": "study-log",
  "lockfileVersion": 3,
  "requires": true,
  "packages": {
    "": {
      "dependencies": {
        "slate-history": "^0.109.0"
      }
    },
    "node_modules/immer": {
      "version": "10.1.1",
      "resolved": "https://registry.npmjs.org/immer/-/immer-10.1.1.tgz",
      "integrity": "sha512-s2MPrmjovJcoMaHtx6K11Ra7oD05NT97w1IC5zpMkT6Atjr7H8LjaDd81iIxUYpMKSRRNMJE703M1Fhr/TctHw==",
      "peer": true,
      "funding": {
        "type": "opencollective",
        "url": "https://opencollective.com/immer"
      }
    },
    "node_modules/is-plain-object": {
      "version": "5.0.0",
      "resolved": "https://registry.npmjs.org/is-plain-object/-/is-plain-object-5.0.0.tgz",
      "integrity": "sha512-VRSzKkbMm5jMDoKLbltAkFQ5Qr7VDiTFGXxYFXXowVj387GeGNOCsOH6Msy00SGZ3Fp84b1Naa1psqgcCIEP5Q==",
      "engines": {
        "node": ">=0.10.0"
      }
    },
    "node_modules/slate": {
      "version": "0.103.0",
      "resolved": "https://registry.npmjs.org/slate/-/slate-0.103.0.tgz",
      "integrity": "sha512-eCUOVqUpADYMZ59O37QQvUdnFG+8rin0OGQAXNHvHbQeVJ67Bu0spQbcy621vtf8GQUXTEQBlk6OP9atwwob4w==",
      "peer": true,
      "dependencies": {
        "immer": "^10.0.3",
        "is-plain-object": "^5.0.0",
        "tiny-warning": "^1.0.3"
      }
    },
    "node_modules/slate-history": {
      "version": "0.109.0",
      "resolved": "https://registry.npmjs.org/slate-history/-/slate-history-0.109.0.tgz",
      "integrity": "sha512-DHavPwrTTAEAV66eAocB3iQHEj65N6IVtbRK98ZuqGT0S44T3zXlhzY+5SZ7EPxRcoOYVt1dioRxXYM/+PmCiQ==",
      "dependencies": {
        "is-plain-object": "^5.0.0"
      },
      "peerDependencies": {
        "slate": ">=0.65.3"
      }
    },
    "node_modules/tiny-warning": {
      "version": "1.0.3",
      "resolved": "https://registry.npmjs.org/tiny-warning/-/tiny-warning-1.0.3.tgz",
      "integrity": "sha512-lBN9zLN/oAf68o3zNXYrdCt1kP8WsiGW8Oo2ka41b2IM5JL/S1CTyX1rW0mb/zSuJun0ZUrDxx4sqvYS2FWzPA==",
      "peer": true
    }
  }
}
